
Microsoft Visual Studio Solution File, Format Version 12.00
# Visual Studio Version 17
VisualStudioVersion = 17.8.34330.188
MinimumVisualStudioVersion = 10.0.40219.1
Project("{9A19103F-16F7-4668-BE54-9A1E7A4F7556}") = "Cuentas", "Cuentas.csproj", "{88C1065B-0027-4916-B72F-C0FE4486AC2C}"
EndProject
Global
	GlobalSection(SolutionConfigurationPlatforms) = preSolution
		Debug|Any CPU = Debug|Any CPU
		Release|Any CPU = Release|Any CPU
	EndGlobalSection
	GlobalSection(ProjectConfigurationPlatforms) = postSolution
		{88C1065B-0027-4916-B72F-C0FE4486AC2C}.Debug|Any CPU.ActiveCfg = Debug|Any CPU
		{88C1065B-0027-4916-B72F-C0FE4486AC2C}.Debug|Any CPU.Build.0 = Debug|Any CPU
		{88C1065B-0027-4916-B72F-C0FE4486AC2C}.Release|Any CPU.ActiveCfg = Release|Any CPU
		{88C1065B-0027-4916-B72F-C0FE4486AC2C}.Release|Any CPU.Build.0 = Release|Any CPU
	EndGlobalSection
	GlobalSection(SolutionProperties) = preSolution
		HideSolutionNode = FALSE
	EndGlobalSection
	GlobalSection(ExtensibilityGlobals) = postSolution
		SolutionGuid = {C22F9F8E-90B6-4135-88BF-BF961271E505}
	EndGlobalSection
EndGlobal
